
Microsoft Visual Studio Solution File, Format Version 12.00
# Visual Studio Version 16
VisualStudioVersion = 16.0.31729.503
MinimumVisualStudioVersion = 10.0.40219.1
Project("{F184B08F-C81C-45F6-A57F-5ABD9991F28F}") = "05-Type-Conversion", "05-Type-Conversion\05-Type-Conversion.vbproj", "{834BE7B7-04C6-44F5-B173-C9247A18A823}"
EndProject
Global
	GlobalSection(SolutionConfigurationPlatforms) = preSolution
		Debug|Any CPU = Debug|Any CPU
		Release|Any CPU = Release|Any CPU
	EndGlobalSection
	GlobalSection(ProjectConfigurationPlatforms) = postSolution
		{834BE7B7-04C6-44F5-B173-C9247A18A823}.Debug|Any CPU.ActiveCfg = Debug|Any CPU
		{834BE7B7-04C6-44F5-B173-C9247A18A823}.Debug|Any CPU.Build.0 = Debug|Any CPU
		{834BE7B7-04C6-44F5-B173-C9247A18A823}.Release|Any CPU.ActiveCfg = Release|Any CPU
		{834BE7B7-04C6-44F5-B173-C9247A18A823}.Release|Any CPU.Build.0 = Release|Any CPU
	EndGlobalSection
	GlobalSection(SolutionProperties) = preSolution
		HideSolutionNode = FALSE
	EndGlobalSection
	GlobalSection(ExtensibilityGlobals) = postSolution
		SolutionGuid = {CB8A7762-FB9F-4F2C-AD47-06544A440D16}
	EndGlobalSection
EndGlobal
