
Microsoft Visual Studio Solution File, Format Version 12.00
# Visual Studio Version 16
VisualStudioVersion = 16.0.31729.503
MinimumVisualStudioVersion = 10.0.40219.1
Project("{F184B08F-C81C-45F6-A57F-5ABD9991F28F}") = "12-Sub-Procedures", "12-Sub-Procedures\12-Sub-Procedures.vbproj", "{E1BD3F3D-102E-45E6-98B5-D139C6826AC4}"
EndProject
Global
	GlobalSection(SolutionConfigurationPlatforms) = preSolution
		Debug|Any CPU = Debug|Any CPU
		Release|Any CPU = Release|Any CPU
	EndGlobalSection
	GlobalSection(ProjectConfigurationPlatforms) = postSolution
		{E1BD3F3D-102E-45E6-98B5-D139C6826AC4}.Debug|Any CPU.ActiveCfg = Debug|Any CPU
		{E1BD3F3D-102E-45E6-98B5-D139C6826AC4}.Debug|Any CPU.Build.0 = Debug|Any CPU
		{E1BD3F3D-102E-45E6-98B5-D139C6826AC4}.Release|Any CPU.ActiveCfg = Release|Any CPU
		{E1BD3F3D-102E-45E6-98B5-D139C6826AC4}.Release|Any CPU.Build.0 = Release|Any CPU
	EndGlobalSection
	GlobalSection(SolutionProperties) = preSolution
		HideSolutionNode = FALSE
	EndGlobalSection
	GlobalSection(ExtensibilityGlobals) = postSolution
		SolutionGuid = {4C2FD5DB-19C7-4653-A906-D7AB58AAF843}
	EndGlobalSection
EndGlobal
